{
  "originHash" : "82fb479ec8c73c3348b93e33a9102fc692bb5a0a0d6f14beb4c5f31445c36e81",
  "pins" : [
    {
      "identity" : "binarycodable",
      "kind" : "remoteSourceControl",
      "location" : "https://github.com/christophhagen/BinaryCodable",
      "state" : {
        "revision" : "295ca6399b2b01d1aa4fa84d666416f3bf99ffde",
        "version" : "2.0.0"
      }
    },
    {
      "identity" : "grdb.swift",
      "kind" : "remoteSourceControl",
      "location" : "https://github.com/groue/GRDB.swift",
      "state" : {
        "revision" : "284a4ee1acf9bf6c8b3d045494d0a7e3046ebf92",
        "version" : "6.15.1"
      }
    },
    {
      "identity" : "maccontrolcenterui",
      "kind" : "remoteSourceControl",
      "location" : "https://github.com/orchetect/MacControlCenterUI",
      "state" : {
        "revision" : "e7f7e0834a146b59a9d86b5751b711eb3a57be69",
        "version" : "2.0.1"
      }
    },
    {
      "identity" : "menubarextraaccess",
      "kind" : "remoteSourceControl",
      "location" : "https://github.com/orchetect/MenuBarExtraAccess",
      "state" : {
        "revision" : "8757eb7c2cd708320df92e6ad6572efe90e58f16",
        "version" : "1.0.4"
      }
    },
    {
      "identity" : "qrcode",
      "kind" : "remoteSourceControl",
      "location" : "https://github.com/dagronf/qrcode.git",
      "state" : {
        "revision" : "13c605cfa866e257ac9d4ac8a47320a0e11fb6e0",
        "version" : "17.0.0"
      }
    },
    {
      "identity" : "swift-qrcode-generator",
      "kind" : "remoteSourceControl",
      "location" : "https://github.com/dagronf/swift-qrcode-generator",
      "state" : {
        "revision" : "2b1980b825f08a81ccc762b0c4d17fcde9d5e953",
        "version" : "2.0.2"
      }
    },
    {
      "identity" : "swiftimagereadwrite",
      "kind" : "remoteSourceControl",
      "location" : "https://github.com/dagronf/SwiftImageReadWrite",
      "state" : {
        "revision" : "02c141026a0c5d74635a457d2d0964c4cb8935b3",
        "version" : "1.4.1"
      }
    }
  ],
  "version" : 3
}
